# Generated by pub
# See http://pub.dartlang.org/doc/glossary.html#lockfile
packages:
  browser:
    description: browser
    source: hosted
    version: "0.10.0+2"
  frappe:
    description: frappe
    source: hosted
    version: "0.4.0+4"
  path:
    description: path
    source: hosted
    version: "1.3.5"
  quiver:
    description: quiver
    source: hosted
    version: "0.18.2"
  react:
    description: react
    source: hosted
    version: "0.6.2"
  stream_transformers:
    description: stream_transformers
    source: hosted
    version: "0.3.0+2"
